// !$*UTF8*$!
{
	archiveVersion = 1;
	classes = {
	};
	objectVersion = 50;
	objects = {

/* Begin PBXBuildFile section */
		DA1CD45123D7CCCF006B5C8E /* AppDelegate.swift in Sources */ = {isa = PBXBuildFile; fileRef = DA1CD45023D7CCCF006B5C8E /* AppDelegate.swift */; };
		DA1CD45523D7CCCF006B5C8E /* ViewController.swift in Sources */ = {isa = PBXBuildFile; fileRef = DA1CD45423D7CCCF006B5C8E /* ViewController.swift */; };
		DA1CD45823D7CCCF006B5C8E /* Main.storyboard in Resources */ = {isa = PBXBuildFile; fileRef = DA1CD45623D7CCCF006B5C8E /* Main.storyboard */; };
		DA1CD45A23D7CCD2006B5C8E /* Assets.xcassets in Resources */ = {isa = PBXBuildFile; fileRef = DA1CD45923D7CCD2006B5C8E /* Assets.xcassets */; };
		DA1CD45D23D7CCD2006B5C8E /* LaunchScreen.storyboard in Resources */ = {isa = PBXBuildFile; fileRef = DA1CD45B23D7CCD2006B5C8E /* LaunchScreen.storyboard */; };
		DA1CD46823D7CCD3006B5C8E /* TestCoreMLTests.swift in Sources */ = {isa = PBXBuildFile; fileRef = DA1CD46723D7CCD3006B5C8E /* TestCoreMLTests.swift */; };
		DA1CD47323D7CCD3006B5C8E /* TestCoreMLUITests.swift in Sources */ = {isa = PBXBuildFile; fileRef = DA1CD47223D7CCD3006B5C8E /* TestCoreMLUITests.swift */; };
		DA1CD48123D7D595006B5C8E /* Resnet50.mlmodel in Sources */ = {isa = PBXBuildFile; fileRef = DA1CD48023D7D595006B5C8E /* Resnet50.mlmodel */; };
/* End PBXBuildFile section */

/* Begin PBXContainerItemProxy section */
		DA1CD46423D7CCD3006B5C8E /* PBXContainerItemProxy */ = {
			isa = PBXContainerItemProxy;
			containerPortal = DA1CD44523D7CCCF006B5C8E /* Project object */;
			proxyType = 1;
			remoteGlobalIDString = DA1CD44C23D7CCCF006B5C8E;
			remoteInfo = TestCoreML;
		};
		DA1CD46F23D7CCD3006B5C8E /* PBXContainerItemProxy */ = {
			isa = PBXContainerItemProxy;
			containerPortal = DA1CD44523D7CCCF006B5C8E /* Project object */;
			proxyType = 1;
			remoteGlobalIDString = DA1CD44C23D7CCCF006B5C8E;
			remoteInfo = TestCoreML;
		};
/* End PBXContainerItemProxy section */

/* Begin PBXFileReference section */
		DA1CD44D23D7CCCF006B5C8E /* TestCoreML.app */ = {isa = PBXFileReference; explicitFileType = wrapper.application; includeInIndex = 0; path = TestCoreML.app; sourceTree = BUILT_PRODUCTS_DIR; };
		DA1CD45023D7CCCF006B5C8E /* AppDelegate.swift */ = {isa = PBXFileReference; lastKnownFileType = sourcecode.swift; path = AppDelegate.swift; sourceTree = "<group>"; };
		DA1CD45423D7CCCF006B5C8E /* ViewController.swift */ = {isa = PBXFileReference; lastKnownFileType = sourcecode.swift; path = ViewController.swift; sourceTree = "<group>"; };
		DA1CD45723D7CCCF006B5C8E /* Base */ = {isa = PBXFileReference; lastKnownFileType = file.storyboard; name = Base; path = Base.lproj/Main.storyboard; sourceTree = "<group>"; };
		DA1CD45923D7CCD2006B5C8E /* Assets.xcassets */ = {isa = PBXFileReference; lastKnownFileType = folder.assetcatalog; path = Assets.xcassets; sourceTree = "<group>"; };
		DA1CD45C23D7CCD2006B5C8E /* Base */ = {isa = PBXFileReference; lastKnownFileType = file.storyboard; name = Base; path = Base.lproj/LaunchScreen.storyboard; sourceTree = "<group>"; };
		DA1CD45E23D7CCD2006B5C8E /* Info.plist */ = {isa = PBXFileReference; lastKnownFileType = text.plist.xml; path = Info.plist; sourceTree = "<group>"; };
		DA1CD46323D7CCD3006B5C8E /* TestCoreMLTests.xctest */ = {isa = PBXFileReference; explicitFileType = wrapper.cfbundle; includeInIndex = 0; path = TestCoreMLTests.xctest; sourceTree = BUILT_PRODUCTS_DIR; };
		DA1CD46723D7CCD3006B5C8E /* TestCoreMLTests.swift */ = {isa = PBXFileReference; lastKnownFileType = sourcecode.swift; path = TestCoreMLTests.swift; sourceTree = "<group>"; };
		DA1CD46923D7CCD3006B5C8E /* Info.plist */ = {isa = PBXFileReference; lastKnownFileType = text.plist.xml; path = Info.plist; sourceTree = "<group>"; };
		DA1CD46E23D7CCD3006B5C8E /* TestCoreMLUITests.xctest */ = {isa = PBXFileReference; explicitFileType = wrapper.cfbundle; includeInIndex = 0; path = TestCoreMLUITests.xctest; sourceTree = BUILT_PRODUCTS_DIR; };
		DA1CD47223D7CCD3006B5C8E /* TestCoreMLUITests.swift */ = {isa = PBXFileReference; lastKnownFileType = sourcecode.swift; path = TestCoreMLUITests.swift; sourceTree = "<group>"; };
		DA1CD47423D7CCD3006B5C8E /* Info.plist */ = {isa = PBXFileReference; lastKnownFileType = text.plist.xml; path = Info.plist; sourceTree = "<group>"; };
		DA1CD48023D7D595006B5C8E /* Resnet50.mlmodel */ = {isa = PBXFileReference; lastKnownFileType = file.mlmodel; path = Resnet50.mlmodel; sourceTree = "<group>"; };
/* End PBXFileReference section */

/* Begin PBXFrameworksBuildPhase section */
		DA1CD44A23D7CCCF006B5C8E /* Frameworks */ = {
			isa = PBXFrameworksBuildPhase;
			buildActionMask = 2147483647;
			files = (
			);
			runOnlyForDeploymentPostprocessing = 0;
		};
		DA1CD46023D7CCD3006B5C8E /* Frameworks */ = {
			isa = PBXFrameworksBuildPhase;
			buildActionMask = 2147483647;
			files = (
			);
			runOnlyForDeploymentPostprocessing = 0;
		};
		DA1CD46B23D7CCD3006B5C8E /* Frameworks */ = {
			isa = PBXFrameworksBuildPhase;
			buildActionMask = 2147483647;
			files = (
			);
			runOnlyForDeploymentPostprocessing = 0;
		};
/* End PBXFrameworksBuildPhase section */

/* Begin PBXGroup section */
		DA1CD44423D7CCCF006B5C8E = {
			isa = PBXGroup;
			children = (
				DA1CD48023D7D595006B5C8E /* Resnet50.mlmodel */,
				DA1CD44F23D7CCCF006B5C8E /* TestCoreML */,
				DA1CD46623D7CCD3006B5C8E /* TestCoreMLTests */,
				DA1CD47123D7CCD3006B5C8E /* TestCoreMLUITests */,
				DA1CD44E23D7CCCF006B5C8E /* Products */,
			);
			sourceTree = "<group>";
		};
		DA1CD44E23D7CCCF006B5C8E /* Products */ = {
			isa = PBXGroup;
			children = (
				DA1CD44D23D7CCCF006B5C8E /* TestCoreML.app */,
				DA1CD46323D7CCD3006B5C8E /* TestCoreMLTests.xctest */,
				DA1CD46E23D7CCD3006B5C8E /* TestCoreMLUITests.xctest */,
			);
			name = Products;
			sourceTree = "<group>";
		};
		DA1CD44F23D7CCCF006B5C8E /* TestCoreML */ = {
			isa = PBXGroup;
			children = (
				DA1CD45023D7CCCF006B5C8E /* AppDelegate.swift */,
				DA1CD45423D7CCCF006B5C8E /* ViewController.swift */,
				DA1CD45623D7CCCF006B5C8E /* Main.storyboard */,
				DA1CD45923D7CCD2006B5C8E /* Assets.xcassets */,
				DA1CD45B23D7CCD2006B5C8E /* LaunchScreen.storyboard */,
				DA1CD45E23D7CCD2006B5C8E /* Info.plist */,
			);
			path = TestCoreML;
			sourceTree = "<group>";
		};
		DA1CD46623D7CCD3006B5C8E /* TestCoreMLTests */ = {
			isa = PBXGroup;
			children = (
				DA1CD46723D7CCD3006B5C8E /* TestCoreMLTests.swift */,
				DA1CD46923D7CCD3006B5C8E /* Info.plist */,
			);
			path = TestCoreMLTests;
			sourceTree = "<group>";
		};
		DA1CD47123D7CCD3006B5C8E /* TestCoreMLUITests */ = {
			isa = PBXGroup;
			children = (
				DA1CD47223D7CCD3006B5C8E /* TestCoreMLUITests.swift */,
				DA1CD47423D7CCD3006B5C8E /* Info.plist */,
			);
			path = TestCoreMLUITests;
			sourceTree = "<group>";
		};
/* End PBXGroup section */

/* Begin PBXNativeTarget section */
		DA1CD44C23D7CCCF006B5C8E /* TestCoreML */ = {
			isa = PBXNativeTarget;
			buildConfigurationList = DA1CD47723D7CCD3006B5C8E /* Build configuration list for PBXNativeTarget "TestCoreML" */;
			buildPhases = (
				DA1CD44923D7CCCF006B5C8E /* Sources */,
				DA1CD44A23D7CCCF006B5C8E /* Frameworks */,
				DA1CD44B23D7CCCF006B5C8E /* Resources */,
			);
			buildRules = (
			);
			dependencies = (
			);
			name = TestCoreML;
			productName = TestCoreML;
			productReference = DA1CD44D23D7CCCF006B5C8E /* TestCoreML.app */;
			productType = "com.apple.product-type.application";
		};
		DA1CD46223D7CCD3006B5C8E /* TestCoreMLTests */ = {
			isa = PBXNativeTarget;
			buildConfigurationList = DA1CD47A23D7CCD3006B5C8E /* Build configuration list for PBXNativeTarget "TestCoreMLTests" */;
			buildPhases = (
				DA1CD45F23D7CCD3006B5C8E /* Sources */,
				DA1CD46023D7CCD3006B5C8E /* Frameworks */,
				DA1CD46123D7CCD3006B5C8E /* Resources */,
			);
			buildRules = (
			);
			dependencies = (
				DA1CD46523D7CCD3006B5C8E /* PBXTargetDependency */,
			);
			name = TestCoreMLTests;
			productName = TestCoreMLTests;
			productReference = DA1CD46323D7CCD3006B5C8E /* TestCoreMLTests.xctest */;
			productType = "com.apple.product-type.bundle.unit-test";
		};
		DA1CD46D23D7CCD3006B5C8E /* TestCoreMLUITests */ = {
			isa = PBXNativeTarget;
			buildConfigurationList = DA1CD47D23D7CCD3006B5C8E /* Build configuration list for PBXNativeTarget "TestCoreMLUITests" */;
			buildPhases = (
				DA1CD46A23D7CCD3006B5C8E /* Sources */,
				DA1CD46B23D7CCD3006B5C8E /* Frameworks */,
				DA1CD46C23D7CCD3006B5C8E /* Resources */,
			);
			buildRules = (
			);
			dependencies = (
				DA1CD47023D7CCD3006B5C8E /* PBXTargetDependency */,
			);
			name = TestCoreMLUITests;
			productName = TestCoreMLUITests;
			productReference = DA1CD46E23D7CCD3006B5C8E /* TestCoreMLUITests.xctest */;
			productType = "com.apple.product-type.bundle.ui-testing";
		};
/* End PBXNativeTarget section */

/* Begin PBXProject section */
		DA1CD44523D7CCCF006B5C8E /* Project object */ = {
			isa = PBXProject;
			attributes = {
				LastSwiftUpdateCheck = 1120;
				LastUpgradeCheck = 1120;
				ORGANIZATIONNAME = "Kanishk Kumar";
				TargetAttributes = {
					DA1CD44C23D7CCCF006B5C8E = {
						CreatedOnToolsVersion = 11.2.1;
					};
					DA1CD46223D7CCD3006B5C8E = {
						CreatedOnToolsVersion = 11.2.1;
						TestTargetID = DA1CD44C23D7CCCF006B5C8E;
					};
					DA1CD46D23D7CCD3006B5C8E = {
						CreatedOnToolsVersion = 11.2.1;
						TestTargetID = DA1CD44C23D7CCCF006B5C8E;
					};
				};
			};
			buildConfigurationList = DA1CD44823D7CCCF006B5C8E /* Build configuration list for PBXProject "TestCoreML" */;
			compatibilityVersion = "Xcode 9.3";
			developmentRegion = en;
			hasScannedForEncodings = 0;
			knownRegions = (
				en,
				Base,
			);
			mainGroup = DA1CD44423D7CCCF006B5C8E;
			productRefGroup = DA1CD44E23D7CCCF006B5C8E /* Products */;
			projectDirPath = "";
			projectRoot = "";
			targets = (
				DA1CD44C23D7CCCF006B5C8E /* TestCoreML */,
				DA1CD46223D7CCD3006B5C8E /* TestCoreMLTests */,
				DA1CD46D23D7CCD3006B5C8E /* TestCoreMLUITests */,
			);
		};
/* End PBXProject section */

/* Begin PBXResourcesBuildPhase section */
		DA1CD44B23D7CCCF006B5C8E /* Resources */ = {
			isa = PBXResourcesBuildPhase;
			buildActionMask = 2147483647;
			files = (
				DA1CD45D23D7CCD2006B5C8E /* LaunchScreen.storyboard in Resources */,
				DA1CD45A23D7CCD2006B5C8E /* Assets.xcassets in Resources */,
				DA1CD45823D7CCCF006B5C8E /* Main.storyboard in Resources */,
			);
			runOnlyForDeploymentPostprocessing = 0;
		};
		DA1CD46123D7CCD3006B5C8E /* Resources */ = {
			isa = PBXResourcesBuildPhase;
			buildActionMask = 2147483647;
			files = (
			);
			runOnlyForDeploymentPostprocessing = 0;
		};
		DA1CD46C23D7CCD3006B5C8E /* Resources */ = {
			isa = PBXResourcesBuildPhase;
			buildActionMask = 2147483647;
			files = (
			);
			runOnlyForDeploymentPostprocessing = 0;
		};
/* End PBXResourcesBuildPhase section */

/* Begin PBXSourcesBuildPhase section */
		DA1CD44923D7CCCF006B5C8E /* Sources */ = {
			isa = PBXSourcesBuildPhase;
			buildActionMask = 2147483647;
			files = (
				DA1CD45523D7CCCF006B5C8E /* ViewController.swift in Sources */,
				DA1CD45123D7CCCF006B5C8E /* AppDelegate.swift in Sources */,
				DA1CD48123D7D595006B5C8E /* Resnet50.mlmodel in Sources */,
			);
			runOnlyForDeploymentPostprocessing = 0;
		};
		DA1CD45F23D7CCD3006B5C8E /* Sources */ = {
			isa = PBXSourcesBuildPhase;
			buildActionMask = 2147483647;
			files = (
				DA1CD46823D7CCD3006B5C8E /* TestCoreMLTests.swift in Sources */,
			);
			runOnlyForDeploymentPostprocessing = 0;
		};
		DA1CD46A23D7CCD3006B5C8E /* Sources */ = {
			isa = PBXSourcesBuildPhase;
			buildActionMask = 2147483647;
			files = (
				DA1CD47323D7CCD3006B5C8E /* TestCoreMLUITests.swift in Sources */,
			);
			runOnlyForDeploymentPostprocessing = 0;
		};
/* End PBXSourcesBuildPhase section */

/* Begin PBXTargetDependency section */
		DA1CD46523D7CCD3006B5C8E /* PBXTargetDependency */ = {
			isa = PBXTargetDependency;
			target = DA1CD44C23D7CCCF006B5C8E /* TestCoreML */;
			targetProxy = DA1CD46423D7CCD3006B5C8E /* PBXContainerItemProxy */;
		};
		DA1CD47023D7CCD3006B5C8E /* PBXTargetDependency */ = {
			isa = PBXTargetDependency;
			target = DA1CD44C23D7CCCF006B5C8E /* TestCoreML */;
			targetProxy = DA1CD46F23D7CCD3006B5C8E /* PBXContainerItemProxy */;
		};
/* End PBXTargetDependency section */

/* Begin PBXVariantGroup section */
		DA1CD45623D7CCCF006B5C8E /* Main.storyboard */ = {
			isa = PBXVariantGroup;
			children = (
				DA1CD45723D7CCCF006B5C8E /* Base */,
			);
			name = Main.storyboard;
			sourceTree = "<group>";
		};
		DA1CD45B23D7CCD2006B5C8E /* LaunchScreen.storyboard */ = {
			isa = PBXVariantGroup;
			children = (
				DA1CD45C23D7CCD2006B5C8E /* Base */,
			);
			name = LaunchScreen.storyboard;
			sourceTree = "<group>";
		};
/* End PBXVariantGroup section */

/* Begin XCBuildConfiguration section */
		DA1CD47523D7CCD3006B5C8E /* Debug */ = {
			isa = XCBuildConfiguration;
			buildSettings = {
				ALWAYS_SEARCH_USER_PATHS = NO;
				CLANG_ANALYZER_NONNULL = YES;
				CLANG_ANALYZER_NUMBER_OBJECT_CONVERSION = YES_AGGRESSIVE;
				CLANG_CXX_LANGUAGE_STANDARD = "gnu++14";
				CLANG_CXX_LIBRARY = "libc++";
				CLANG_ENABLE_MODULES = YES;
				CLANG_ENABLE_OBJC_ARC = YES;
				CLANG_ENABLE_OBJC_WEAK = YES;
				CLANG_WARN_BLOCK_CAPTURE_AUTORELEASING = YES;
				CLANG_WARN_BOOL_CONVERSION = YES;
				CLANG_WARN_COMMA = YES;
				CLANG_WARN_CONSTANT_CONVERSION = YES;
				CLANG_WARN_DEPRECATED_OBJC_IMPLEMENTATIONS = YES;
				CLANG_WARN_DIRECT_OBJC_ISA_USAGE = YES_ERROR;
				CLANG_WARN_DOCUMENTATION_COMMENTS = YES;
				CLANG_WARN_EMPTY_BODY = YES;
				CLANG_WARN_ENUM_CONVERSION = YES;
				CLANG_WARN_INFINITE_RECURSION = YES;
				CLANG_WARN_INT_CONVERSION = YES;
				CLANG_WARN_NON_LITERAL_NULL_CONVERSION = YES;
				CLANG_WARN_OBJC_IMPLICIT_RETAIN_SELF = YES;
				CLANG_WARN_OBJC_LITERAL_CONVERSION = YES;
				CLANG_WARN_OBJC_ROOT_CLASS = YES_ERROR;
				CLANG_WARN_RANGE_LOOP_ANALYSIS = YES;
				CLANG_WARN_STRICT_PROTOTYPES = YES;
				CLANG_WARN_SUSPICIOUS_MOVE = YES;
				CLANG_WARN_UNGUARDED_AVAILABILITY = YES_AGGRESSIVE;
				CLANG_WARN_UNREACHABLE_CODE = YES;
				CLANG_WARN__DUPLICATE_METHOD_MATCH = YES;
				COPY_PHASE_STRIP = NO;
				DEBUG_INFORMATION_FORMAT = dwarf;
				ENABLE_STRICT_OBJC_MSGSEND = YES;
				ENABLE_TESTABILITY = YES;
				GCC_C_LANGUAGE_STANDARD = gnu11;
				GCC_DYNAMIC_NO_PIC = NO;
				GCC_NO_COMMON_BLOCKS = YES;
				GCC_OPTIMIZATION_LEVEL = 0;
				GCC_PREPROCESSOR_DEFINITIONS = (
					"DEBUG=1",
					"$(inherited)",
				);
				GCC_WARN_64_TO_32_BIT_CONVERSION = YES;
				GCC_WARN_ABOUT_RETURN_TYPE = YES_ERROR;
				GCC_WARN_UNDECLARED_SELECTOR = YES;
				GCC_WARN_UNINITIALIZED_AUTOS = YES_AGGRESSIVE;
				GCC_WARN_UNUSED_FUNCTION = YES;
				GCC_WARN_UNUSED_VARIABLE = YES;
				IPHONEOS_DEPLOYMENT_TARGET = 11.0;
				MTL_ENABLE_DEBUG_INFO = INCLUDE_SOURCE;
				MTL_FAST_MATH = YES;
				ONLY_ACTIVE_ARCH = YES;
				SDKROOT = iphoneos;
				SWIFT_ACTIVE_COMPILATION_CONDITIONS = DEBUG;
				SWIFT_OPTIMIZATION_LEVEL = "-Onone";
				SWIFT_VERSION = 4.0;
			};
			name = Debug;
		};
		DA1CD47623D7CCD3006B5C8E /* Release */ = {
			isa = XCBuildConfiguration;
			buildSettings = {
				ALWAYS_SEARCH_USER_PATHS = NO;
				CLANG_ANALYZER_NONNULL = YES;
				CLANG_ANALYZER_NUMBER_OBJECT_CONVERSION = YES_AGGRESSIVE;
				CLANG_CXX_LANGUAGE_STANDARD = "gnu++14";
				CLANG_CXX_LIBRARY = "libc++";
				CLANG_ENABLE_MODULES = YES;
				CLANG_ENABLE_OBJC_ARC = YES;
				CLANG_ENABLE_OBJC_WEAK = YES;
				CLANG_WARN_BLOCK_CAPTURE_AUTORELEASING = YES;
				CLANG_WARN_BOOL_CONVERSION = YES;
				CLANG_WARN_COMMA = YES;
				CLANG_WARN_CONSTANT_CONVERSION = YES;
				CLANG_WARN_DEPRECATED_OBJC_IMPLEMENTATIONS = YES;
				CLANG_WARN_DIRECT_OBJC_ISA_USAGE = YES_ERROR;
				CLANG_WARN_DOCUMENTATION_COMMENTS = YES;
				CLANG_WARN_EMPTY_BODY = YES;
				CLANG_WARN_ENUM_CONVERSION = YES;
				CLANG_WARN_INFINITE_RECURSION = YES;
				CLANG_WARN_INT_CONVERSION = YES;
				CLANG_WARN_NON_LITERAL_NULL_CONVERSION = YES;
				CLANG_WARN_OBJC_IMPLICIT_RETAIN_SELF = YES;
				CLANG_WARN_OBJC_LITERAL_CONVERSION = YES;
				CLANG_WARN_OBJC_ROOT_CLASS = YES_ERROR;
				CLANG_WARN_RANGE_LOOP_ANALYSIS = YES;
				CLANG_WARN_STRICT_PROTOTYPES = YES;
				CLANG_WARN_SUSPICIOUS_MOVE = YES;
				CLANG_WARN_UNGUARDED_AVAILABILITY = YES_AGGRESSIVE;
				CLANG_WARN_UNREACHABLE_CODE = YES;
				CLANG_WARN__DUPLICATE_METHOD_MATCH = YES;
				COPY_PHASE_STRIP = NO;
				DEBUG_INFORMATION_FORMAT = "dwarf-with-dsym";
				ENABLE_NS_ASSERTIONS = NO;
				ENABLE_STRICT_OBJC_MSGSEND = YES;
				GCC_C_LANGUAGE_STANDARD = gnu11;
				GCC_NO_COMMON_BLOCKS = YES;
				GCC_WARN_64_TO_32_BIT_CONVERSION = YES;
				GCC_WARN_ABOUT_RETURN_TYPE = YES_ERROR;
				GCC_WARN_UNDECLARED_SELECTOR = YES;
				GCC_WARN_UNINITIALIZED_AUTOS = YES_AGGRESSIVE;
				GCC_WARN_UNUSED_FUNCTION = YES;
				GCC_WARN_UNUSED_VARIABLE = YES;
				IPHONEOS_DEPLOYMENT_TARGET = 11.0;
				MTL_ENABLE_DEBUG_INFO = NO;
				MTL_FAST_MATH = YES;
				SDKROOT = iphoneos;
				SWIFT_COMPILATION_MODE = wholemodule;
				SWIFT_OPTIMIZATION_LEVEL = "-O";
				SWIFT_VERSION = 4.0;
				VALIDATE_PRODUCT = YES;
			};
			name = Release;
		};
		DA1CD47823D7CCD3006B5C8E /* Debug */ = {
			isa = XCBuildConfiguration;
			buildSettings = {
				ASSETCATALOG_COMPILER_APPICON_NAME = AppIcon;
				CODE_SIGN_STYLE = Automatic;
				DEVELOPMENT_TEAM = G385A2CHPU;
				INFOPLIST_FILE = TestCoreML/Info.plist;
				IPHONEOS_DEPLOYMENT_TARGET = 11.0;
				LD_RUNPATH_SEARCH_PATHS = (
					"$(inherited)",
					"@executable_path/Frameworks",
				);
				PRODUCT_BUNDLE_IDENTIFIER = com.kk.SampleApp.TestCoreML;
				PRODUCT_NAME = "$(TARGET_NAME)";
				SWIFT_VERSION = 4.0;
				TARGETED_DEVICE_FAMILY = "1,2";
			};
			name = Debug;
		};
		DA1CD47923D7CCD3006B5C8E /* Release */ = {
			isa = XCBuildConfiguration;
			buildSettings = {
				ASSETCATALOG_COMPILER_APPICON_NAME = AppIcon;
				CODE_SIGN_STYLE = Automatic;
				DEVELOPMENT_TEAM = G385A2CHPU;
				INFOPLIST_FILE = TestCoreML/Info.plist;
				IPHONEOS_DEPLOYMENT_TARGET = 11.0;
				LD_RUNPATH_SEARCH_PATHS = (
					"$(inherited)",
					"@executable_path/Frameworks",
				);
				PRODUCT_BUNDLE_IDENTIFIER = com.kk.SampleApp.TestCoreML;
				PRODUCT_NAME = "$(TARGET_NAME)";
				SWIFT_VERSION = 4.0;
				TARGETED_DEVICE_FAMILY = "1,2";
			};
			name = Release;
		};
		DA1CD47B23D7CCD3006B5C8E /* Debug */ = {
			isa = XCBuildConfiguration;
			buildSettings = {
				ALWAYS_EMBED_SWIFT_STANDARD_LIBRARIES = YES;
				BUNDLE_LOADER = "$(TEST_HOST)";
				CODE_SIGN_STYLE = Automatic;
				DEVELOPMENT_TEAM = G385A2CHPU;
				INFOPLIST_FILE = TestCoreMLTests/Info.plist;
				IPHONEOS_DEPLOYMENT_TARGET = 13.2;
				LD_RUNPATH_SEARCH_PATHS = (
					"$(inherited)",
					"@executable_path/Frameworks",
					"@loader_path/Frameworks",
				);
				PRODUCT_BUNDLE_IDENTIFIER = com.btor.TestCoreMLTests;
				PRODUCT_NAME = "$(TARGET_NAME)";
				SWIFT_VERSION = 5.0;
				TARGETED_DEVICE_FAMILY = "1,2";
				TEST_HOST = "$(BUILT_PRODUCTS_DIR)/TestCoreML.app/TestCoreML";
			};
			name = Debug;
		};
		DA1CD47C23D7CCD3006B5C8E /* Release */ = {
			isa = XCBuildConfiguration;
			buildSettings = {
				ALWAYS_EMBED_SWIFT_STANDARD_LIBRARIES = YES;
				BUNDLE_LOADER = "$(TEST_HOST)";
				CODE_SIGN_STYLE = Automatic;
				DEVELOPMENT_TEAM = G385A2CHPU;
				INFOPLIST_FILE = TestCoreMLTests/Info.plist;
				IPHONEOS_DEPLOYMENT_TARGET = 13.2;
				LD_RUNPATH_SEARCH_PATHS = (
					"$(inherited)",
					"@executable_path/Frameworks",
					"@loader_path/Frameworks",
				);
				PRODUCT_BUNDLE_IDENTIFIER = com.btor.TestCoreMLTests;
				PRODUCT_NAME = "$(TARGET_NAME)";
				SWIFT_VERSION = 5.0;
				TARGETED_DEVICE_FAMILY = "1,2";
				TEST_HOST = "$(BUILT_PRODUCTS_DIR)/TestCoreML.app/TestCoreML";
			};
			name = Release;
		};
		DA1CD47E23D7CCD3006B5C8E /* Debug */ = {
			isa = XCBuildConfiguration;
			buildSettings = {
				ALWAYS_EMBED_SWIFT_STANDARD_LIBRARIES = YES;
				CODE_SIGN_STYLE = Automatic;
				DEVELOPMENT_TEAM = G385A2CHPU;
				INFOPLIST_FILE = TestCoreMLUITests/Info.plist;
				LD_RUNPATH_SEARCH_PATHS = (
					"$(inherited)",
					"@executable_path/Frameworks",
					"@loader_path/Frameworks",
				);
				PRODUCT_BUNDLE_IDENTIFIER = com.btor.TestCoreMLUITests;
				PRODUCT_NAME = "$(TARGET_NAME)";
				SWIFT_VERSION = 5.0;
				TARGETED_DEVICE_FAMILY = "1,2";
				TEST_TARGET_NAME = TestCoreML;
			};
			name = Debug;
		};
		DA1CD47F23D7CCD3006B5C8E /* Release */ = {
			isa = XCBuildConfiguration;
			buildSettings = {
				ALWAYS_EMBED_SWIFT_STANDARD_LIBRARIES = YES;
				CODE_SIGN_STYLE = Automatic;
				DEVELOPMENT_TEAM = G385A2CHPU;
				INFOPLIST_FILE = TestCoreMLUITests/Info.plist;
				LD_RUNPATH_SEARCH_PATHS = (
					"$(inherited)",
					"@executable_path/Frameworks",
					"@loader_path/Frameworks",
				);
				PRODUCT_BUNDLE_IDENTIFIER = com.btor.TestCoreMLUITests;
				PRODUCT_NAME = "$(TARGET_NAME)";
				SWIFT_VERSION = 5.0;
				TARGETED_DEVICE_FAMILY = "1,2";
				TEST_TARGET_NAME = TestCoreML;
			};
			name = Release;
		};
/* End XCBuildConfiguration section */

/* Begin XCConfigurationList section */
		DA1CD44823D7CCCF006B5C8E /* Build configuration list for PBXProject "TestCoreML" */ = {
			isa = XCConfigurationList;
			buildConfigurations = (
				DA1CD47523D7CCD3006B5C8E /* Debug */,
				DA1CD47623D7CCD3006B5C8E /* Release */,
			);
			defaultConfigurationIsVisible = 0;
			defaultConfigurationName = Release;
		};
		DA1CD47723D7CCD3006B5C8E /* Build configuration list for PBXNativeTarget "TestCoreML" */ = {
			isa = XCConfigurationList;
			buildConfigurations = (
				DA1CD47823D7CCD3006B5C8E /* Debug */,
				DA1CD47923D7CCD3006B5C8E /* Release */,
			);
			defaultConfigurationIsVisible = 0;
			defaultConfigurationName = Release;
		};
		DA1CD47A23D7CCD3006B5C8E /* Build configuration list for PBXNativeTarget "TestCoreMLTests" */ = {
			isa = XCConfigurationList;
			buildConfigurations = (
				DA1CD47B23D7CCD3006B5C8E /* Debug */,
				DA1CD47C23D7CCD3006B5C8E /* Release */,
			);
			defaultConfigurationIsVisible = 0;
			defaultConfigurationName = Release;
		};
		DA1CD47D23D7CCD3006B5C8E /* Build configuration list for PBXNativeTarget "TestCoreMLUITests" */ = {
			isa = XCConfigurationList;
			buildConfigurations = (
				DA1CD47E23D7CCD3006B5C8E /* Debug */,
				DA1CD47F23D7CCD3006B5C8E /* Release */,
			);
			defaultConfigurationIsVisible = 0;
			defaultConfigurationName = Release;
		};
/* End XCConfigurationList section */
	};
	rootObject = DA1CD44523D7CCCF006B5C8E /* Project object */;
}
